
Microsoft Visual Studio Solution File, Format Version 12.00
# Visual Studio Version 17
VisualStudioVersion = 17.11.35303.130
MinimumVisualStudioVersion = 10.0.40219.1
Project("{FAE04EC0-301F-11D3-BF4B-00C04F79EFBC}") = "PrimerParcial", "PrimerParcial\PrimerParcial.csproj", "{ACE4394A-3869-4078-B16A-CD4E6C1FBAA0}"
EndProject
Global
	GlobalSection(SolutionConfigurationPlatforms) = preSolution
		Debug|Any CPU = Debug|Any CPU
		Release|Any CPU = Release|Any CPU
	EndGlobalSection
	GlobalSection(ProjectConfigurationPlatforms) = postSolution
		{ACE4394A-3869-4078-B16A-CD4E6C1FBAA0}.Debug|Any CPU.ActiveCfg = Debug|Any CPU
		{ACE4394A-3869-4078-B16A-CD4E6C1FBAA0}.Debug|Any CPU.Build.0 = Debug|Any CPU
		{ACE4394A-3869-4078-B16A-CD4E6C1FBAA0}.Release|Any CPU.ActiveCfg = Release|Any CPU
		{ACE4394A-3869-4078-B16A-CD4E6C1FBAA0}.Release|Any CPU.Build.0 = Release|Any CPU
	EndGlobalSection
	GlobalSection(SolutionProperties) = preSolution
		HideSolutionNode = FALSE
	EndGlobalSection
	GlobalSection(ExtensibilityGlobals) = postSolution
		SolutionGuid = {23C284F3-0993-4AF6-A025-E32F4BAAC232}
	EndGlobalSection
EndGlobal
